
Microsoft Visual Studio Solution File, Format Version 12.00
# Visual Studio Version 17
VisualStudioVersion = 17.5.002.0
MinimumVisualStudioVersion = 10.0.40219.1
Project("{9A19103F-16F7-4668-BE54-9A1E7A4F7556}") = "esercizo", "esercizo\esercizo.csproj", "{B2C0D870-B6EC-4118-AA5F-9501872178F4}"
EndProject
Global
	GlobalSection(SolutionConfigurationPlatforms) = preSolution
		Debug|Any CPU = Debug|Any CPU
		Release|Any CPU = Release|Any CPU
	EndGlobalSection
	GlobalSection(ProjectConfigurationPlatforms) = postSolution
		{B2C0D870-B6EC-4118-AA5F-9501872178F4}.Debug|Any CPU.ActiveCfg = Debug|Any CPU
		{B2C0D870-B6EC-4118-AA5F-9501872178F4}.Debug|Any CPU.Build.0 = Debug|Any CPU
		{B2C0D870-B6EC-4118-AA5F-9501872178F4}.Release|Any CPU.ActiveCfg = Release|Any CPU
		{B2C0D870-B6EC-4118-AA5F-9501872178F4}.Release|Any CPU.Build.0 = Release|Any CPU
	EndGlobalSection
	GlobalSection(SolutionProperties) = preSolution
		HideSolutionNode = FALSE
	EndGlobalSection
	GlobalSection(ExtensibilityGlobals) = postSolution
		SolutionGuid = {09BDC207-4E57-4781-8D70-FA61D74F962E}
	EndGlobalSection
EndGlobal
